
Microsoft Visual Studio Solution File, Format Version 12.00
# Visual Studio Version 17
VisualStudioVersion = 17.13.35913.81
MinimumVisualStudioVersion = 10.0.40219.1
Project("{FAE04EC0-301F-11D3-BF4B-00C04F79EFBC}") = "Dane", "Data\Dane.csproj", "{09480B5C-3A81-40A5-B5AA-5914086240A4}"
EndProject
Project("{FAE04EC0-301F-11D3-BF4B-00C04F79EFBC}") = "Logika", "Logic\Logika.csproj", "{88F28B93-E753-4078-BE08-21F3291E8AF4}"
	ProjectSection(ProjectDependencies) = postProject
		{09480B5C-3A81-40A5-B5AA-5914086240A4} = {09480B5C-3A81-40A5-B5AA-5914086240A4}
	EndProjectSection
EndProject
Project("{FAE04EC0-301F-11D3-BF4B-00C04F79EFBC}") = "View", "View\View.csproj", "{EEE0C2DA-6F3E-4497-89EF-0AAF860BC296}"
	ProjectSection(ProjectDependencies) = postProject
		{88F28B93-E753-4078-BE08-21F3291E8AF4} = {88F28B93-E753-4078-BE08-21F3291E8AF4}
		{FAB4DF42-8F7E-4461-9811-032CF4095904} = {FAB4DF42-8F7E-4461-9811-032CF4095904}
	EndProjectSection
EndProject
Project("{FAE04EC0-301F-11D3-BF4B-00C04F79EFBC}") = "Dane.Test", "Dane.Test\Dane.Test.csproj", "{B8B36011-0277-4C54-91FA-7CB72832B03D}"
EndProject
Project("{FAE04EC0-301F-11D3-BF4B-00C04F79EFBC}") = "Logika.Test", "Logika.Test\Logika.Test.csproj", "{A6B296C7-14D6-4435-AE12-5597532A7098}"
EndProject
Project("{FAE04EC0-301F-11D3-BF4B-00C04F79EFBC}") = "ViewModel", "ViewModel\ViewModel.csproj", "{FAB4DF42-8F7E-4461-9811-032CF4095904}"
	ProjectSection(ProjectDependencies) = postProject
		{CCBE3A89-69A7-4FD4-ACF4-881D11F1498F} = {CCBE3A89-69A7-4FD4-ACF4-881D11F1498F}
	EndProjectSection
EndProject
Project("{FAE04EC0-301F-11D3-BF4B-00C04F79EFBC}") = "Model", "Model\Model.csproj", "{CCBE3A89-69A7-4FD4-ACF4-881D11F1498F}"
EndProject
Global
	GlobalSection(SolutionConfigurationPlatforms) = preSolution
		Debug|Any CPU = Debug|Any CPU
		Release|Any CPU = Release|Any CPU
	EndGlobalSection
	GlobalSection(ProjectConfigurationPlatforms) = postSolution
		{09480B5C-3A81-40A5-B5AA-5914086240A4}.Debug|Any CPU.ActiveCfg = Debug|Any CPU
		{09480B5C-3A81-40A5-B5AA-5914086240A4}.Debug|Any CPU.Build.0 = Debug|Any CPU
		{09480B5C-3A81-40A5-B5AA-5914086240A4}.Release|Any CPU.ActiveCfg = Release|Any CPU
		{09480B5C-3A81-40A5-B5AA-5914086240A4}.Release|Any CPU.Build.0 = Release|Any CPU
		{88F28B93-E753-4078-BE08-21F3291E8AF4}.Debug|Any CPU.ActiveCfg = Debug|Any CPU
		{88F28B93-E753-4078-BE08-21F3291E8AF4}.Debug|Any CPU.Build.0 = Debug|Any CPU
		{88F28B93-E753-4078-BE08-21F3291E8AF4}.Release|Any CPU.ActiveCfg = Release|Any CPU
		{88F28B93-E753-4078-BE08-21F3291E8AF4}.Release|Any CPU.Build.0 = Release|Any CPU
		{EEE0C2DA-6F3E-4497-89EF-0AAF860BC296}.Debug|Any CPU.ActiveCfg = Debug|Any CPU
		{EEE0C2DA-6F3E-4497-89EF-0AAF860BC296}.Debug|Any CPU.Build.0 = Debug|Any CPU
		{EEE0C2DA-6F3E-4497-89EF-0AAF860BC296}.Release|Any CPU.ActiveCfg = Release|Any CPU
		{EEE0C2DA-6F3E-4497-89EF-0AAF860BC296}.Release|Any CPU.Build.0 = Release|Any CPU
		{B8B36011-0277-4C54-91FA-7CB72832B03D}.Debug|Any CPU.ActiveCfg = Debug|Any CPU
		{B8B36011-0277-4C54-91FA-7CB72832B03D}.Debug|Any CPU.Build.0 = Debug|Any CPU
		{B8B36011-0277-4C54-91FA-7CB72832B03D}.Release|Any CPU.ActiveCfg = Release|Any CPU
		{B8B36011-0277-4C54-91FA-7CB72832B03D}.Release|Any CPU.Build.0 = Release|Any CPU
		{A6B296C7-14D6-4435-AE12-5597532A7098}.Debug|Any CPU.ActiveCfg = Debug|Any CPU
		{A6B296C7-14D6-4435-AE12-5597532A7098}.Debug|Any CPU.Build.0 = Debug|Any CPU
		{A6B296C7-14D6-4435-AE12-5597532A7098}.Release|Any CPU.ActiveCfg = Release|Any CPU
		{A6B296C7-14D6-4435-AE12-5597532A7098}.Release|Any CPU.Build.0 = Release|Any CPU
		{FAB4DF42-8F7E-4461-9811-032CF4095904}.Debug|Any CPU.ActiveCfg = Debug|Any CPU
		{FAB4DF42-8F7E-4461-9811-032CF4095904}.Debug|Any CPU.Build.0 = Debug|Any CPU
		{FAB4DF42-8F7E-4461-9811-032CF4095904}.Release|Any CPU.ActiveCfg = Release|Any CPU
		{FAB4DF42-8F7E-4461-9811-032CF4095904}.Release|Any CPU.Build.0 = Release|Any CPU
		{CCBE3A89-69A7-4FD4-ACF4-881D11F1498F}.Debug|Any CPU.ActiveCfg = Debug|Any CPU
		{CCBE3A89-69A7-4FD4-ACF4-881D11F1498F}.Debug|Any CPU.Build.0 = Debug|Any CPU
		{CCBE3A89-69A7-4FD4-ACF4-881D11F1498F}.Release|Any CPU.ActiveCfg = Release|Any CPU
		{CCBE3A89-69A7-4FD4-ACF4-881D11F1498F}.Release|Any CPU.Build.0 = Release|Any CPU
	EndGlobalSection
	GlobalSection(SolutionProperties) = preSolution
		HideSolutionNode = FALSE
	EndGlobalSection
	GlobalSection(ExtensibilityGlobals) = postSolution
		SolutionGuid = {505FEA25-1319-4099-998A-8AE6F12D68E4}
	EndGlobalSection
EndGlobal
